
Microsoft Visual Studio Solution File, Format Version 12.00
# Visual Studio Version 17
VisualStudioVersion = 17.5.33627.172
MinimumVisualStudioVersion = 10.0.40219.1
Project("{9A19103F-16F7-4668-BE54-9A1E7A4F7556}") = "ConversorDolarReal", "AllogEnter_Exercicios_Modulo_01\ConversorDolarReal.csproj", "{046958B2-EECE-4845-B438-ECBA7D65C5E3}"
EndProject
Project("{9A19103F-16F7-4668-BE54-9A1E7A4F7556}") = "ConversorTemperatura", "ConversorTemperatura\ConversorTemperatura.csproj", "{0BEEA23F-D7DB-4535-A6FA-3846EAF9EDFE}"
EndProject
Project("{9A19103F-16F7-4668-BE54-9A1E7A4F7556}") = "CalculoImc", "CalculoImc\CalculoImc.csproj", "{F087E9B3-F4AD-4F02-84B5-2C9C7A59FCA9}"
EndProject
Project("{9A19103F-16F7-4668-BE54-9A1E7A4F7556}") = "CalculadoraCombustivelViagem", "CalculadoraCombustivelViagem\CalculadoraCombustivelViagem.csproj", "{3FA2C67B-1E3E-4691-80D0-0837DA12B98B}"
EndProject
Project("{9A19103F-16F7-4668-BE54-9A1E7A4F7556}") = "Conversortemperatura02", "Conversortemperatura02\Conversortemperatura02.csproj", "{B1B16E9A-1108-4B89-95B5-A0C2723F9F72}"
EndProject
Project("{9A19103F-16F7-4668-BE54-9A1E7A4F7556}") = "SubstituindoLetras", "SubstituindoLetras\SubstituindoLetras.csproj", "{24868FAC-D475-4B73-AE55-869137C85C5F}"
EndProject
Project("{9A19103F-16F7-4668-BE54-9A1E7A4F7556}") = "OlaPessoa", "OlaPessoa\OlaPessoa.csproj", "{5C739E41-34A2-417E-A418-59DBDB718006}"
EndProject
Project("{9A19103F-16F7-4668-BE54-9A1E7A4F7556}") = "ReajusteSalarial", "ReajusteSalarial\ReajusteSalarial.csproj", "{13FD2C5F-DFBB-4E2E-AD31-961F93BB87E1}"
EndProject
Project("{9A19103F-16F7-4668-BE54-9A1E7A4F7556}") = "ArquivoUsuario", "ArquivoUsuario\ArquivoUsuario.csproj", "{34BD459C-8E12-4199-800D-2E5C6B6E6752}"
EndProject
Project("{9A19103F-16F7-4668-BE54-9A1E7A4F7556}") = "CalculoImcTexto", "CalculoImcTexto\CalculoImcTexto.csproj", "{025EB266-FF8E-478B-9C2B-7506797989A0}"
EndProject
Project("{9A19103F-16F7-4668-BE54-9A1E7A4F7556}") = "ListaInversa", "ListaInversa\ListaInversa.csproj", "{27AB083F-0173-42F4-9B19-99B0C954DE20}"
EndProject
Project("{9A19103F-16F7-4668-BE54-9A1E7A4F7556}") = "Corrida", "Corrida\Corrida.csproj", "{C0D58079-CCA0-4F52-A40D-A8C2656BB3BC}"
EndProject
Project("{9A19103F-16F7-4668-BE54-9A1E7A4F7556}") = "CalculoImcDadosCliente", "CalculoImcDadosCliente\CalculoImcDadosCliente.csproj", "{558700A9-832B-4C70-B6C2-998F23DF35C6}"
EndProject
Project("{9A19103F-16F7-4668-BE54-9A1E7A4F7556}") = "CaracteresA_Z", "CaracteresA_Z\CaracteresA_Z.csproj", "{611E7220-4A34-49B6-AE94-32C9F2487323}"
EndProject
Project("{9A19103F-16F7-4668-BE54-9A1E7A4F7556}") = "ImprimeVogais", "ImprimeVogais\ImprimeVogais.csproj", "{C6CF1069-666D-46E4-B5C8-C31A809BD88F}"
EndProject
Project("{9A19103F-16F7-4668-BE54-9A1E7A4F7556}") = "DeterminaValoresIdenticosVetores", "DeterminaValoresIdenticosVetores\DeterminaValoresIdenticosVetores.csproj", "{1DF7FB37-3BC3-448E-A1A0-16C14B8D5008}"
EndProject
Project("{9A19103F-16F7-4668-BE54-9A1E7A4F7556}") = "ArmazenaVetorCalculaMedia", "ArmazenaVetorCalculaMedia\ArmazenaVetorCalculaMedia.csproj", "{07F979D6-039F-425B-A19B-8B82D319662F}"
EndProject
Project("{9A19103F-16F7-4668-BE54-9A1E7A4F7556}") = "CarregaVetorListarVetorMostarNumerosImparesEPares", "CarregaVetorListarVetorMostarNumerosImparesEPares\CarregaVetorListarVetorMostarNumerosImparesEPares.csproj", "{83FE7E7E-76C7-49AF-869D-AFF4FC319DAC}"
EndProject
Project("{9A19103F-16F7-4668-BE54-9A1E7A4F7556}") = "JogoDaForca", "JogoDaForca\JogoDaForca.csproj", "{428C134B-1366-4CBD-89A9-AE75C5DAD34D}"
EndProject
Project("{9A19103F-16F7-4668-BE54-9A1E7A4F7556}") = "ObjetoMidia", "ObjetoMidia\ObjetoMidia.csproj", "{B9F289C1-2F4F-4761-8DB4-301B6A012A55}"
EndProject
Project("{9A19103F-16F7-4668-BE54-9A1E7A4F7556}") = "CadastroDeClientes", "CadastroDeClientes\CadastroDeClientes.csproj", "{B7E6DB33-B673-44DA-B3A9-E42B1D21B567}"
EndProject
Project("{9A19103F-16F7-4668-BE54-9A1E7A4F7556}") = "ExemploDeHerança", "ExemploDeHerança\ExemploDeHerança.csproj", "{98D3F467-71DF-40BE-99A3-C21AA53801E9}"
EndProject
Project("{9A19103F-16F7-4668-BE54-9A1E7A4F7556}") = "ExemploDePolimorfismo", "ExemploDePolimorfismo\ExemploDePolimorfismo.csproj", "{FD04746A-794F-4BCC-8256-820014F51CDE}"
EndProject
Project("{9A19103F-16F7-4668-BE54-9A1E7A4F7556}") = "ExemploDeEncapsulamento", "ExemploDeEncapsulamento\ExemploDeEncapsulamento.csproj", "{3CBAD49C-354B-4A80-B190-464350313FA1}"
EndProject
Project("{9A19103F-16F7-4668-BE54-9A1E7A4F7556}") = "TrabalhandoComArquivoCSV", "TrabalhandoComArquivoCSV\TrabalhandoComArquivoCSV.csproj", "{D7501831-C68E-4045-91E2-A20A730BE2C6}"
EndProject
Project("{FAE04EC0-301F-11D3-BF4B-00C04F79EFBC}") = "Supermercado", "Supermercado\Supermercado.csproj", "{6323D46E-B938-4E9C-9F45-645976957EE0}"
EndProject
Global
	GlobalSection(SolutionConfigurationPlatforms) = preSolution
		Debug|Any CPU = Debug|Any CPU
		Release|Any CPU = Release|Any CPU
	EndGlobalSection
	GlobalSection(ProjectConfigurationPlatforms) = postSolution
		{046958B2-EECE-4845-B438-ECBA7D65C5E3}.Debug|Any CPU.ActiveCfg = Debug|Any CPU
		{046958B2-EECE-4845-B438-ECBA7D65C5E3}.Debug|Any CPU.Build.0 = Debug|Any CPU
		{046958B2-EECE-4845-B438-ECBA7D65C5E3}.Release|Any CPU.ActiveCfg = Release|Any CPU
		{046958B2-EECE-4845-B438-ECBA7D65C5E3}.Release|Any CPU.Build.0 = Release|Any CPU
		{0BEEA23F-D7DB-4535-A6FA-3846EAF9EDFE}.Debug|Any CPU.ActiveCfg = Debug|Any CPU
		{0BEEA23F-D7DB-4535-A6FA-3846EAF9EDFE}.Debug|Any CPU.Build.0 = Debug|Any CPU
		{0BEEA23F-D7DB-4535-A6FA-3846EAF9EDFE}.Release|Any CPU.ActiveCfg = Release|Any CPU
		{0BEEA23F-D7DB-4535-A6FA-3846EAF9EDFE}.Release|Any CPU.Build.0 = Release|Any CPU
		{F087E9B3-F4AD-4F02-84B5-2C9C7A59FCA9}.Debug|Any CPU.ActiveCfg = Debug|Any CPU
		{F087E9B3-F4AD-4F02-84B5-2C9C7A59FCA9}.Debug|Any CPU.Build.0 = Debug|Any CPU
		{F087E9B3-F4AD-4F02-84B5-2C9C7A59FCA9}.Release|Any CPU.ActiveCfg = Release|Any CPU
		{F087E9B3-F4AD-4F02-84B5-2C9C7A59FCA9}.Release|Any CPU.Build.0 = Release|Any CPU
		{3FA2C67B-1E3E-4691-80D0-0837DA12B98B}.Debug|Any CPU.ActiveCfg = Debug|Any CPU
		{3FA2C67B-1E3E-4691-80D0-0837DA12B98B}.Debug|Any CPU.Build.0 = Debug|Any CPU
		{3FA2C67B-1E3E-4691-80D0-0837DA12B98B}.Release|Any CPU.ActiveCfg = Release|Any CPU
		{3FA2C67B-1E3E-4691-80D0-0837DA12B98B}.Release|Any CPU.Build.0 = Release|Any CPU
		{B1B16E9A-1108-4B89-95B5-A0C2723F9F72}.Debug|Any CPU.ActiveCfg = Debug|Any CPU
		{B1B16E9A-1108-4B89-95B5-A0C2723F9F72}.Debug|Any CPU.Build.0 = Debug|Any CPU
		{B1B16E9A-1108-4B89-95B5-A0C2723F9F72}.Release|Any CPU.ActiveCfg = Release|Any CPU
		{B1B16E9A-1108-4B89-95B5-A0C2723F9F72}.Release|Any CPU.Build.0 = Release|Any CPU
		{24868FAC-D475-4B73-AE55-869137C85C5F}.Debug|Any CPU.ActiveCfg = Debug|Any CPU
		{24868FAC-D475-4B73-AE55-869137C85C5F}.Debug|Any CPU.Build.0 = Debug|Any CPU
		{24868FAC-D475-4B73-AE55-869137C85C5F}.Release|Any CPU.ActiveCfg = Release|Any CPU
		{24868FAC-D475-4B73-AE55-869137C85C5F}.Release|Any CPU.Build.0 = Release|Any CPU
		{5C739E41-34A2-417E-A418-59DBDB718006}.Debug|Any CPU.ActiveCfg = Debug|Any CPU
		{5C739E41-34A2-417E-A418-59DBDB718006}.Debug|Any CPU.Build.0 = Debug|Any CPU
		{5C739E41-34A2-417E-A418-59DBDB718006}.Release|Any CPU.ActiveCfg = Release|Any CPU
		{5C739E41-34A2-417E-A418-59DBDB718006}.Release|Any CPU.Build.0 = Release|Any CPU
		{13FD2C5F-DFBB-4E2E-AD31-961F93BB87E1}.Debug|Any CPU.ActiveCfg = Debug|Any CPU
		{13FD2C5F-DFBB-4E2E-AD31-961F93BB87E1}.Debug|Any CPU.Build.0 = Debug|Any CPU
		{13FD2C5F-DFBB-4E2E-AD31-961F93BB87E1}.Release|Any CPU.ActiveCfg = Release|Any CPU
		{13FD2C5F-DFBB-4E2E-AD31-961F93BB87E1}.Release|Any CPU.Build.0 = Release|Any CPU
		{34BD459C-8E12-4199-800D-2E5C6B6E6752}.Debug|Any CPU.ActiveCfg = Debug|Any CPU
		{34BD459C-8E12-4199-800D-2E5C6B6E6752}.Debug|Any CPU.Build.0 = Debug|Any CPU
		{34BD459C-8E12-4199-800D-2E5C6B6E6752}.Release|Any CPU.ActiveCfg = Release|Any CPU
		{34BD459C-8E12-4199-800D-2E5C6B6E6752}.Release|Any CPU.Build.0 = Release|Any CPU
		{025EB266-FF8E-478B-9C2B-7506797989A0}.Debug|Any CPU.ActiveCfg = Debug|Any CPU
		{025EB266-FF8E-478B-9C2B-7506797989A0}.Debug|Any CPU.Build.0 = Debug|Any CPU
		{025EB266-FF8E-478B-9C2B-7506797989A0}.Release|Any CPU.ActiveCfg = Release|Any CPU
		{025EB266-FF8E-478B-9C2B-7506797989A0}.Release|Any CPU.Build.0 = Release|Any CPU
		{27AB083F-0173-42F4-9B19-99B0C954DE20}.Debug|Any CPU.ActiveCfg = Debug|Any CPU
		{27AB083F-0173-42F4-9B19-99B0C954DE20}.Debug|Any CPU.Build.0 = Debug|Any CPU
		{27AB083F-0173-42F4-9B19-99B0C954DE20}.Release|Any CPU.ActiveCfg = Release|Any CPU
		{27AB083F-0173-42F4-9B19-99B0C954DE20}.Release|Any CPU.Build.0 = Release|Any CPU
		{C0D58079-CCA0-4F52-A40D-A8C2656BB3BC}.Debug|Any CPU.ActiveCfg = Debug|Any CPU
		{C0D58079-CCA0-4F52-A40D-A8C2656BB3BC}.Debug|Any CPU.Build.0 = Debug|Any CPU
		{C0D58079-CCA0-4F52-A40D-A8C2656BB3BC}.Release|Any CPU.ActiveCfg = Release|Any CPU
		{C0D58079-CCA0-4F52-A40D-A8C2656BB3BC}.Release|Any CPU.Build.0 = Release|Any CPU
		{558700A9-832B-4C70-B6C2-998F23DF35C6}.Debug|Any CPU.ActiveCfg = Debug|Any CPU
		{558700A9-832B-4C70-B6C2-998F23DF35C6}.Debug|Any CPU.Build.0 = Debug|Any CPU
		{558700A9-832B-4C70-B6C2-998F23DF35C6}.Release|Any CPU.ActiveCfg = Release|Any CPU
		{558700A9-832B-4C70-B6C2-998F23DF35C6}.Release|Any CPU.Build.0 = Release|Any CPU
		{611E7220-4A34-49B6-AE94-32C9F2487323}.Debug|Any CPU.ActiveCfg = Debug|Any CPU
		{611E7220-4A34-49B6-AE94-32C9F2487323}.Debug|Any CPU.Build.0 = Debug|Any CPU
		{611E7220-4A34-49B6-AE94-32C9F2487323}.Release|Any CPU.ActiveCfg = Release|Any CPU
		{611E7220-4A34-49B6-AE94-32C9F2487323}.Release|Any CPU.Build.0 = Release|Any CPU
		{C6CF1069-666D-46E4-B5C8-C31A809BD88F}.Debug|Any CPU.ActiveCfg = Debug|Any CPU
		{C6CF1069-666D-46E4-B5C8-C31A809BD88F}.Debug|Any CPU.Build.0 = Debug|Any CPU
		{C6CF1069-666D-46E4-B5C8-C31A809BD88F}.Release|Any CPU.ActiveCfg = Release|Any CPU
		{C6CF1069-666D-46E4-B5C8-C31A809BD88F}.Release|Any CPU.Build.0 = Release|Any CPU
		{1DF7FB37-3BC3-448E-A1A0-16C14B8D5008}.Debug|Any CPU.ActiveCfg = Debug|Any CPU
		{1DF7FB37-3BC3-448E-A1A0-16C14B8D5008}.Debug|Any CPU.Build.0 = Debug|Any CPU
		{1DF7FB37-3BC3-448E-A1A0-16C14B8D5008}.Release|Any CPU.ActiveCfg = Release|Any CPU
		{1DF7FB37-3BC3-448E-A1A0-16C14B8D5008}.Release|Any CPU.Build.0 = Release|Any CPU
		{07F979D6-039F-425B-A19B-8B82D319662F}.Debug|Any CPU.ActiveCfg = Debug|Any CPU
		{07F979D6-039F-425B-A19B-8B82D319662F}.Debug|Any CPU.Build.0 = Debug|Any CPU
		{07F979D6-039F-425B-A19B-8B82D319662F}.Release|Any CPU.ActiveCfg = Release|Any CPU
		{07F979D6-039F-425B-A19B-8B82D319662F}.Release|Any CPU.Build.0 = Release|Any CPU
		{83FE7E7E-76C7-49AF-869D-AFF4FC319DAC}.Debug|Any CPU.ActiveCfg = Debug|Any CPU
		{83FE7E7E-76C7-49AF-869D-AFF4FC319DAC}.Debug|Any CPU.Build.0 = Debug|Any CPU
		{83FE7E7E-76C7-49AF-869D-AFF4FC319DAC}.Release|Any CPU.ActiveCfg = Release|Any CPU
		{83FE7E7E-76C7-49AF-869D-AFF4FC319DAC}.Release|Any CPU.Build.0 = Release|Any CPU
		{428C134B-1366-4CBD-89A9-AE75C5DAD34D}.Debug|Any CPU.ActiveCfg = Debug|Any CPU
		{428C134B-1366-4CBD-89A9-AE75C5DAD34D}.Debug|Any CPU.Build.0 = Debug|Any CPU
		{428C134B-1366-4CBD-89A9-AE75C5DAD34D}.Release|Any CPU.ActiveCfg = Release|Any CPU
		{428C134B-1366-4CBD-89A9-AE75C5DAD34D}.Release|Any CPU.Build.0 = Release|Any CPU
		{B9F289C1-2F4F-4761-8DB4-301B6A012A55}.Debug|Any CPU.ActiveCfg = Debug|Any CPU
		{B9F289C1-2F4F-4761-8DB4-301B6A012A55}.Debug|Any CPU.Build.0 = Debug|Any CPU
		{B9F289C1-2F4F-4761-8DB4-301B6A012A55}.Release|Any CPU.ActiveCfg = Release|Any CPU
		{B9F289C1-2F4F-4761-8DB4-301B6A012A55}.Release|Any CPU.Build.0 = Release|Any CPU
		{B7E6DB33-B673-44DA-B3A9-E42B1D21B567}.Debug|Any CPU.ActiveCfg = Debug|Any CPU
		{B7E6DB33-B673-44DA-B3A9-E42B1D21B567}.Debug|Any CPU.Build.0 = Debug|Any CPU
		{B7E6DB33-B673-44DA-B3A9-E42B1D21B567}.Release|Any CPU.ActiveCfg = Release|Any CPU
		{B7E6DB33-B673-44DA-B3A9-E42B1D21B567}.Release|Any CPU.Build.0 = Release|Any CPU
		{98D3F467-71DF-40BE-99A3-C21AA53801E9}.Debug|Any CPU.ActiveCfg = Debug|Any CPU
		{98D3F467-71DF-40BE-99A3-C21AA53801E9}.Debug|Any CPU.Build.0 = Debug|Any CPU
		{98D3F467-71DF-40BE-99A3-C21AA53801E9}.Release|Any CPU.ActiveCfg = Release|Any CPU
		{98D3F467-71DF-40BE-99A3-C21AA53801E9}.Release|Any CPU.Build.0 = Release|Any CPU
		{FD04746A-794F-4BCC-8256-820014F51CDE}.Debug|Any CPU.ActiveCfg = Debug|Any CPU
		{FD04746A-794F-4BCC-8256-820014F51CDE}.Debug|Any CPU.Build.0 = Debug|Any CPU
		{FD04746A-794F-4BCC-8256-820014F51CDE}.Release|Any CPU.ActiveCfg = Release|Any CPU
		{FD04746A-794F-4BCC-8256-820014F51CDE}.Release|Any CPU.Build.0 = Release|Any CPU
		{3CBAD49C-354B-4A80-B190-464350313FA1}.Debug|Any CPU.ActiveCfg = Debug|Any CPU
		{3CBAD49C-354B-4A80-B190-464350313FA1}.Debug|Any CPU.Build.0 = Debug|Any CPU
		{3CBAD49C-354B-4A80-B190-464350313FA1}.Release|Any CPU.ActiveCfg = Release|Any CPU
		{3CBAD49C-354B-4A80-B190-464350313FA1}.Release|Any CPU.Build.0 = Release|Any CPU
		{D7501831-C68E-4045-91E2-A20A730BE2C6}.Debug|Any CPU.ActiveCfg = Debug|Any CPU
		{D7501831-C68E-4045-91E2-A20A730BE2C6}.Debug|Any CPU.Build.0 = Debug|Any CPU
		{D7501831-C68E-4045-91E2-A20A730BE2C6}.Release|Any CPU.ActiveCfg = Release|Any CPU
		{D7501831-C68E-4045-91E2-A20A730BE2C6}.Release|Any CPU.Build.0 = Release|Any CPU
		{6323D46E-B938-4E9C-9F45-645976957EE0}.Debug|Any CPU.ActiveCfg = Debug|Any CPU
		{6323D46E-B938-4E9C-9F45-645976957EE0}.Debug|Any CPU.Build.0 = Debug|Any CPU
		{6323D46E-B938-4E9C-9F45-645976957EE0}.Release|Any CPU.ActiveCfg = Release|Any CPU
		{6323D46E-B938-4E9C-9F45-645976957EE0}.Release|Any CPU.Build.0 = Release|Any CPU
	EndGlobalSection
	GlobalSection(SolutionProperties) = preSolution
		HideSolutionNode = FALSE
	EndGlobalSection
	GlobalSection(ExtensibilityGlobals) = postSolution
		SolutionGuid = {3CDC5F46-8FE5-45AB-8B9E-50F712719742}
	EndGlobalSection
EndGlobal
